
Microsoft Visual Studio Solution File, Format Version 12.00
# Visual Studio Version 16
VisualStudioVersion = 16.0.31402.337
MinimumVisualStudioVersion = 10.0.40219.1
Project("{9A19103F-16F7-4668-BE54-9A1E7A4F7556}") = "Services.ProductCatalog.Api", "Services.ProductCatalog.Api.csproj", "{27EC8821-075B-46D3-97BC-9FF62CA5E724}"
EndProject
Project("{FAE04EC0-301F-11D3-BF4B-00C04F79EFBC}") = "Services.Security.Api", "..\Services.Security.Api\Services.Security.Api.csproj", "{F8F9F29A-91E5-478D-99E3-39179D13F5AA}"
EndProject
Global
	GlobalSection(SolutionConfigurationPlatforms) = preSolution
		Debug|Any CPU = Debug|Any CPU
		Release|Any CPU = Release|Any CPU
	EndGlobalSection
	GlobalSection(ProjectConfigurationPlatforms) = postSolution
		{27EC8821-075B-46D3-97BC-9FF62CA5E724}.Debug|Any CPU.ActiveCfg = Debug|Any CPU
		{27EC8821-075B-46D3-97BC-9FF62CA5E724}.Debug|Any CPU.Build.0 = Debug|Any CPU
		{27EC8821-075B-46D3-97BC-9FF62CA5E724}.Release|Any CPU.ActiveCfg = Release|Any CPU
		{27EC8821-075B-46D3-97BC-9FF62CA5E724}.Release|Any CPU.Build.0 = Release|Any CPU
		{F8F9F29A-91E5-478D-99E3-39179D13F5AA}.Debug|Any CPU.ActiveCfg = Debug|Any CPU
		{F8F9F29A-91E5-478D-99E3-39179D13F5AA}.Debug|Any CPU.Build.0 = Debug|Any CPU
		{F8F9F29A-91E5-478D-99E3-39179D13F5AA}.Release|Any CPU.ActiveCfg = Release|Any CPU
		{F8F9F29A-91E5-478D-99E3-39179D13F5AA}.Release|Any CPU.Build.0 = Release|Any CPU
	EndGlobalSection
	GlobalSection(SolutionProperties) = preSolution
		HideSolutionNode = FALSE
	EndGlobalSection
	GlobalSection(ExtensibilityGlobals) = postSolution
		SolutionGuid = {708C10A8-9523-4A2A-84F5-51B2CF39A252}
	EndGlobalSection
EndGlobal
